PODS:
  - Realm (10.20.0):
    - Realm/Headers (= 10.20.0)
  - Realm/Headers (10.20.0)
  - RealmSwift (10.20.0):
    - Realm (= 10.20.0)
  - SRTabBarController (0.1.0)

DEPENDENCIES:
  - RealmSwift
  - SRTabBarController (from `https://github.com/es-kumagai/SRTabBarController`, branch `swift-4.2`)

SPEC REPOS:
  trunk:
    - Realm
    - RealmSwift

EXTERNAL SOURCES:
  SRTabBarController:
    :branch: swift-4.2
    :git: https://github.com/es-kumagai/SRTabBarController

CHECKOUT OPTIONS:
  SRTabBarController:
    :commit: e8a177411da89eed41ec4192230550a1254598a1
    :git: https://github.com/es-kumagai/SRTabBarController

SPEC CHECKSUMS:
  Realm: ae32bdc1da7d19c7617e0400201a77acd4a211b9
  RealmSwift: c95eec6a712924870b2e36c4c081d63ec07e5414
  SRTabBarController: aeb73a975a47aff9e14f3546da2394fce8271b09

PODFILE CHECKSUM: c598e26c8d0a0d5384635065bd66254f927c1000

COCOAPODS: 1.11.2
